
Microsoft Visual Studio Solution File, Format Version 12.00
# Visual Studio Version 16
VisualStudioVersion = 16.0.31205.134
MinimumVisualStudioVersion = 10.0.40219.1
Project("{FAE04EC0-301F-11D3-BF4B-00C04F79EFBC}") = "PO-Practice-8-23-2021", "PO-Practice-8-23-2021\PO-Practice-8-23-2021.csproj", "{0DC489E0-A585-4478-B87D-76EBB342B52E}"
EndProject
Global
	GlobalSection(SolutionConfigurationPlatforms) = preSolution
		Debug|Any CPU = Debug|Any CPU
		Release|Any CPU = Release|Any CPU
	EndGlobalSection
	GlobalSection(ProjectConfigurationPlatforms) = postSolution
		{0DC489E0-A585-4478-B87D-76EBB342B52E}.Debug|Any CPU.ActiveCfg = Debug|Any CPU
		{0DC489E0-A585-4478-B87D-76EBB342B52E}.Debug|Any CPU.Build.0 = Debug|Any CPU
		{0DC489E0-A585-4478-B87D-76EBB342B52E}.Release|Any CPU.ActiveCfg = Release|Any CPU
		{0DC489E0-A585-4478-B87D-76EBB342B52E}.Release|Any CPU.Build.0 = Release|Any CPU
	EndGlobalSection
	GlobalSection(SolutionProperties) = preSolution
		HideSolutionNode = FALSE
	EndGlobalSection
	GlobalSection(ExtensibilityGlobals) = postSolution
		SolutionGuid = {D4E58EBC-939B-4833-89E9-FE3DFFAE7ECD}
	EndGlobalSection
EndGlobal
